
Microsoft Visual Studio Solution File, Format Version 12.00
# Visual Studio Version 16
VisualStudioVersion = 16.0.32901.82
MinimumVisualStudioVersion = 10.0.40219.1
Project("{FAE04EC0-301F-11D3-BF4B-00C04F79EFBC}") = "AdventOfCode2022", "AdventOfCode2022.csproj", "{2F7C5C33-11B8-4D0A-862B-313AEB1421E6}"
EndProject
Global
	GlobalSection(SolutionConfigurationPlatforms) = preSolution
		Debug|Any CPU = Debug|Any CPU
		Release|Any CPU = Release|Any CPU
	EndGlobalSection
	GlobalSection(ProjectConfigurationPlatforms) = postSolution
		{2F7C5C33-11B8-4D0A-862B-313AEB1421E6}.Debug|Any CPU.ActiveCfg = Debug|Any CPU
		{2F7C5C33-11B8-4D0A-862B-313AEB1421E6}.Debug|Any CPU.Build.0 = Debug|Any CPU
		{2F7C5C33-11B8-4D0A-862B-313AEB1421E6}.Release|Any CPU.ActiveCfg = Release|Any CPU
		{2F7C5C33-11B8-4D0A-862B-313AEB1421E6}.Release|Any CPU.Build.0 = Release|Any CPU
	EndGlobalSection
	GlobalSection(SolutionProperties) = preSolution
		HideSolutionNode = FALSE
	EndGlobalSection
	GlobalSection(ExtensibilityGlobals) = postSolution
		SolutionGuid = {052AD138-15DB-4621-938D-E4071D13A798}
	EndGlobalSection
EndGlobal
